
Microsoft Visual Studio Solution File, Format Version 12.00
# Visual Studio Version 17
VisualStudioVersion = 17.14.36301.6 d17.14
MinimumVisualStudioVersion = 10.0.40219.1
Project("{FAE04EC0-301F-11D3-BF4B-00C04F79EFBC}") = "JapaneseLearningApp", "JapaneseLearningApp.csproj", "{0F3237CE-B85A-4A94-8F64-3CB5EBC40CDF}"
EndProject
Global
	GlobalSection(SolutionConfigurationPlatforms) = preSolution
		Debug|Any CPU = Debug|Any CPU
		Release|Any CPU = Release|Any CPU
	EndGlobalSection
	GlobalSection(ProjectConfigurationPlatforms) = postSolution
		{0F3237CE-B85A-4A94-8F64-3CB5EBC40CDF}.Debug|Any CPU.ActiveCfg = Debug|Any CPU
		{0F3237CE-B85A-4A94-8F64-3CB5EBC40CDF}.Debug|Any CPU.Build.0 = Debug|Any CPU
		{0F3237CE-B85A-4A94-8F64-3CB5EBC40CDF}.Release|Any CPU.ActiveCfg = Release|Any CPU
		{0F3237CE-B85A-4A94-8F64-3CB5EBC40CDF}.Release|Any CPU.Build.0 = Release|Any CPU
	EndGlobalSection
	GlobalSection(SolutionProperties) = preSolution
		HideSolutionNode = FALSE
	EndGlobalSection
	GlobalSection(ExtensibilityGlobals) = postSolution
		SolutionGuid = {6688A1FE-678F-4AC7-87A5-7C2A62388E51}
	EndGlobalSection
EndGlobal
